<?xml version="1.0" encoding="utf-8"?>
<Project ToolsVersion="4.0" xmlns="http://schemas.microsoft.com/developer/msbuild/2003">
  <ItemGroup>
    <Filter Include="Source Files">
      <UniqueIdentifier>{4FC737F1-C7A5-4376-A066-2A32D752A2FF}</UniqueIdentifier>
      <Extensions>cpp;c;cc;cxx;def;odl;idl;hpj;bat;asm;asmx</Extensions>
    </Filter>
    <Filter Include="Header Files">
      <UniqueIdentifier>{93995380-89BD-4b04-88EB-625FBE52EBFB}</UniqueIdentifier>
      <Extensions>h;hh;hpp;hxx;hm;inl;inc;ipp;xsd</Extensions>
    </Filter>
    <Filter Include="Resource Files">
      <UniqueIdentifier>{67DA6AB6-F800-4c08-8B7A-83BB121AAD01}</UniqueIdentifier>
      <Extensions>rc;ico;cur;bmp;dlg;rc2;rct;bin;rgs;gif;jpg;jpeg;jpe;resx;tiff;tif;png;wav;mfcribbon-ms</Extensions>
    </Filter>
    <Filter Include="Header Files\Grid Objects">
      <UniqueIdentifier>{5e4ec859-ebff-435b-9cd1-05c27b9c524c}</UniqueIdentifier>
    </Filter>
    <Filter Include="Source Files\Grid Objects">
      <UniqueIdentifier>{eef235cb-d3b0-4cd1-8bd7-355fef7e1c1e}</UniqueIdentifier>
    </Filter>
    <Filter Include="Header Files\Games">
      <UniqueIdentifier>{0b440c9b-4547-488a-8235-1766109eec95}</UniqueIdentifier>
    </Filter>
    <Filter Include="Source Files\Games">
      <UniqueIdentifier>{6c174822-7a5b-42c7-8869-67e0212f8519}</UniqueIdentifier>
    </Filter>
    <Filter Include="Header Files\Utils">
      <UniqueIdentifier>{d0662ac9-e0f9-4678-8b96-f0bf1f4274d8}</UniqueIdentifier>
    </Filter>
    <Filter Include="Header Files\User">
      <UniqueIdentifier>{5460305b-8b1a-41cb-bb78-d45e51240ef2}</UniqueIdentifier>
    </Filter>
    <Filter Include="Source Files\User">
      <UniqueIdentifier>{9817c951-e27b-4fac-942d-6d990eee582c}</UniqueIdentifier>
    </Filter>
    <Filter Include="Source Files\Utils">
      <UniqueIdentifier>{827d4031-1ddf-46f0-9070-d4e083d2d49d}</UniqueIdentifier>
    </Filter>
    <Filter Include="Header Files\Menus">
      <UniqueIdentifier>{b718410f-4120-4d78-bdeb-3b3f91629906}</UniqueIdentifier>
    </Filter>
    <Filter Include="Source Files\Menus">
      <UniqueIdentifier>{4216efb4-9e34-49b0-8e06-846795c0cd21}</UniqueIdentifier>
    </Filter>
  </ItemGroup>
  <ItemGroup>
    <ClCompile Include="Source.cpp">
      <Filter>Source Files</Filter>
    </ClCompile>
    <ClCompile Include="UI.cpp">
      <Filter>Source Files</Filter>
    </ClCompile>
    <ClCompile Include="GridItem.cpp">
      <Filter>Source Files\Grid Objects</Filter>
    </ClCompile>
    <ClCompile Include="MoveableGridItem.cpp">
      <Filter>Source Files\Grid Objects</Filter>
    </ClCompile>
    <ClCompile Include="Person.cpp">
      <Filter>Source Files\Grid Objects</Filter>
    </ClCompile>
    <ClCompile Include="EscapeGame.cpp">
      <Filter>Source Files\Grid Objects</Filter>
    </ClCompile>
    <ClCompile Include="Bolder.cpp">
      <Filter>Source Files\Grid Objects</Filter>
    </ClCompile>
    <ClCompile Include="Key.cpp">
      <Filter>Source Files\Grid Objects</Filter>
    </ClCompile>
    <ClCompile Include="Gate.cpp">
      <Filter>Source Files\Grid Objects</Filter>
    </ClCompile>
    <ClCompile Include="Game.cpp">
      <Filter>Source Files\Games</Filter>
    </ClCompile>
    <ClCompile Include="GridBorder.cpp">
      <Filter>Source Files\Grid Objects</Filter>
    </ClCompile>
    <ClCompile Include="StartGame.cpp">
      <Filter>Source Files\Games</Filter>
    </ClCompile>
    <ClCompile Include="Player.cpp">
      <Filter>Source Files\User</Filter>
    </ClCompile>
    <ClCompile Include="Application.cpp">
      <Filter>Source Files\User</Filter>
    </ClCompile>
    <ClCompile Include="RandomNumberaGenerator.cpp">
      <Filter>Source Files\Utils</Filter>
    </ClCompile>
    <ClCompile Include="Menu.cpp">
      <Filter>Source Files\Menus</Filter>
    </ClCompile>
    <ClCompile Include="Utils.cpp">
      <Filter>Source Files</Filter>
    </ClCompile>
    <ClCompile Include="StartMenu.cpp">
      <Filter>Source Files\Menus</Filter>
    </ClCompile>
  </ItemGroup>
  <ItemGroup>
    <ClInclude Include="UI.h">
      <Filter>Header Files</Filter>
    </ClInclude>
    <ClInclude Include="EscapeGame.h">
      <Filter>Header Files\Grid Objects</Filter>
    </ClInclude>
    <ClInclude Include="GridItem.h">
      <Filter>Header Files\Grid Objects</Filter>
    </ClInclude>
    <ClInclude Include="MoveableGridItem.h">
      <Filter>Header Files\Grid Objects</Filter>
    </ClInclude>
    <ClInclude Include="Person.h">
      <Filter>Header Files\Grid Objects</Filter>
    </ClInclude>
    <ClInclude Include="Bolder.h">
      <Filter>Header Files\Grid Objects</Filter>
    </ClInclude>
    <ClInclude Include="GridBorder.h">
      <Filter>Header Files\Grid Objects</Filter>
    </ClInclude>
    <ClInclude Include="Key.h">
      <Filter>Header Files\Grid Objects</Filter>
    </ClInclude>
    <ClInclude Include="Gate.h">
      <Filter>Header Files\Grid Objects</Filter>
    </ClInclude>
    <ClInclude Include="Game.h">
      <Filter>Header Files\Games</Filter>
    </ClInclude>
    <ClInclude Include="StartGame.h">
      <Filter>Header Files\Games</Filter>
    </ClInclude>
    <ClInclude Include="List.h">
      <Filter>Header Files\Utils</Filter>
    </ClInclude>
    <ClInclude Include="Player.h">
      <Filter>Header Files\User</Filter>
    </ClInclude>
    <ClInclude Include="Application.h">
      <Filter>Header Files\User</Filter>
    </ClInclude>
    <ClInclude Include="RandomNumberaGenerator.h">
      <Filter>Header Files\Utils</Filter>
    </ClInclude>
    <ClInclude Include="Menu.h">
      <Filter>Header Files\Menus</Filter>
    </ClInclude>
    <ClInclude Include="Utils.h">
      <Filter>Header Files\Utils</Filter>
    </ClInclude>
    <ClInclude Include="StartMenu.h">
      <Filter>Header Files\Menus</Filter>
    </ClInclude>
  </ItemGroup>
</Project>